{
  "name": "@reconext/auth-service-frontend-types",
  "version": "1.2.0",
  "lockfileVersion": 3,
  "requires": true,
  "packages": {
    "": {
      "name": "@reconext/auth-service-frontend-types",
      "version": "1.2.0",
      "dependencies": {
        "@azure/msal-browser": "^4.27.0",
        "jose": "^6.1.3"
      },
      "devDependencies": {
        "typescript": "^5.9.3"
      }
    },
    "node_modules/@azure/msal-browser": {
      "version": "4.27.0",
      "resolved": "https://registry.npmjs.org/@azure/msal-browser/-/msal-browser-4.27.0.tgz",
      "integrity": "sha512-bZ8Pta6YAbdd0o0PEaL1/geBsPrLEnyY/RDWqvF1PP9RUH8EMLvUMGoZFYS6jSlUan6KZ9IMTLCnwpWWpQRK/w==",
      "license": "MIT",
      "dependencies": {
        "@azure/msal-common": "15.13.3"
      },
      "engines": {
        "node": ">=0.8.0"
      }
    },
    "node_modules/@azure/msal-common": {
      "version": "15.13.3",
      "resolved": "https://registry.npmjs.org/@azure/msal-common/-/msal-common-15.13.3.tgz",
      "integrity": "sha512-shSDU7Ioecya+Aob5xliW9IGq1Ui8y4EVSdWGyI1Gbm4Vg61WpP95LuzcY214/wEjSn6w4PZYD4/iVldErHayQ==",
      "license": "MIT",
      "engines": {
        "node": ">=0.8.0"
      }
    },
    "node_modules/jose": {
      "version": "6.1.3",
      "resolved": "https://registry.npmjs.org/jose/-/jose-6.1.3.tgz",
      "integrity": "sha512-0TpaTfihd4QMNwrz/ob2Bp7X04yuxJkjRGi4aKmOqwhov54i6u79oCv7T+C7lo70MKH6BesI3vscD1yb/yzKXQ==",
      "license": "MIT",
      "funding": {
        "url": "https://github.com/sponsors/panva"
      }
    },
    "node_modules/typescript": {
      "version": "5.9.3",
      "resolved": "https://registry.npmjs.org/typescript/-/typescript-5.9.3.tgz",
      "integrity": "sha512-jl1vZzPDinLr9eUt3J/t7V6FgNEw9QjvBPdysz9KfQDD41fQrC2Y4vKQdiaUpFT4bXlb1RHhLpp8wtm6M5TgSw==",
      "dev": true,
      "license": "Apache-2.0",
      "bin": {
        "tsc": "bin/tsc",
        "tsserver": "bin/tsserver"
      },
      "engines": {
        "node": ">=14.17"
      }
    }
  }
}
